
Microsoft Visual Studio Solution File, Format Version 12.00
# Visual Studio Version 16
VisualStudioVersion = 16.0.31410.357
MinimumVisualStudioVersion = 10.0.40219.1
Project("{FAE04EC0-301F-11D3-BF4B-00C04F79EFBC}") = "EpPathFinding", "EpPathFinding\EpPathFinding.csproj", "{4BC2B4B0-2A38-4274-98A2-37CEF5F03B42}"
EndProject
Project("{FAE04EC0-301F-11D3-BF4B-00C04F79EFBC}") = "EpPathFindingDemo", "EpPathFindingDemo\EpPathFindingDemo.csproj", "{82FE700A-0BA3-49D0-ACE0-C1F87FBE5021}"
EndProject
Global
	GlobalSection(SolutionConfigurationPlatforms) = preSolution
		Debug|Any CPU = Debug|Any CPU
		Debug|x86 = Debug|x86
		Release|Any CPU = Release|Any CPU
		Release|x86 = Release|x86
	EndGlobalSection
	GlobalSection(ProjectConfigurationPlatforms) = postSolution
		{4BC2B4B0-2A38-4274-98A2-37CEF5F03B42}.Debug|Any CPU.ActiveCfg = Debug|Any CPU
		{4BC2B4B0-2A38-4274-98A2-37CEF5F03B42}.Debug|Any CPU.Build.0 = Debug|Any CPU
		{4BC2B4B0-2A38-4274-98A2-37CEF5F03B42}.Debug|x86.ActiveCfg = Debug|Any CPU
		{4BC2B4B0-2A38-4274-98A2-37CEF5F03B42}.Debug|x86.Build.0 = Debug|Any CPU
		{4BC2B4B0-2A38-4274-98A2-37CEF5F03B42}.Release|Any CPU.ActiveCfg = Release|Any CPU
		{4BC2B4B0-2A38-4274-98A2-37CEF5F03B42}.Release|Any CPU.Build.0 = Release|Any CPU
		{4BC2B4B0-2A38-4274-98A2-37CEF5F03B42}.Release|x86.ActiveCfg = Release|Any CPU
		{4BC2B4B0-2A38-4274-98A2-37CEF5F03B42}.Release|x86.Build.0 = Release|Any CPU
		{82FE700A-0BA3-49D0-ACE0-C1F87FBE5021}.Debug|Any CPU.ActiveCfg = Debug|x86
		{82FE700A-0BA3-49D0-ACE0-C1F87FBE5021}.Debug|x86.ActiveCfg = Debug|x86
		{82FE700A-0BA3-49D0-ACE0-C1F87FBE5021}.Debug|x86.Build.0 = Debug|x86
		{82FE700A-0BA3-49D0-ACE0-C1F87FBE5021}.Release|Any CPU.ActiveCfg = Release|x86
		{82FE700A-0BA3-49D0-ACE0-C1F87FBE5021}.Release|x86.ActiveCfg = Release|x86
		{82FE700A-0BA3-49D0-ACE0-C1F87FBE5021}.Release|x86.Build.0 = Release|x86
	EndGlobalSection
	GlobalSection(SolutionProperties) = preSolution
		HideSolutionNode = FALSE
	EndGlobalSection
	GlobalSection(ExtensibilityGlobals) = postSolution
		SolutionGuid = {CF76844A-0BD7-4321-AB3B-066785C569B6}
	EndGlobalSection
EndGlobal
