
Microsoft Visual Studio Solution File, Format Version 11.00
# Visual Studio 2010
Project("{FAE04EC0-301F-11D3-BF4B-00C04F79EFBC}") = "EpPathFinding.cs", "EpPathFinding.cs\EpPathFinding.cs.csproj", "{4BC2B4B0-2A38-4274-98A2-37CEF5F03B42}"
EndProject
Global
	GlobalSection(SolutionConfigurationPlatforms) = preSolution
		Debug|Any CPU = Debug|Any CPU
		Release|Any CPU = Release|Any CPU
	EndGlobalSection
	GlobalSection(ProjectConfigurationPlatforms) = postSolution
		{4BC2B4B0-2A38-4274-98A2-37CEF5F03B42}.Debug|Any CPU.ActiveCfg = Debug|Any CPU
		{4BC2B4B0-2A38-4274-98A2-37CEF5F03B42}.Debug|Any CPU.Build.0 = Debug|Any CPU
		{4BC2B4B0-2A38-4274-98A2-37CEF5F03B42}.Release|Any CPU.ActiveCfg = Release|Any CPU
		{4BC2B4B0-2A38-4274-98A2-37CEF5F03B42}.Release|Any CPU.Build.0 = Release|Any CPU
	EndGlobalSection
	GlobalSection(SolutionProperties) = preSolution
		HideSolutionNode = FALSE
	EndGlobalSection
EndGlobal
